// !$*UTF8*$!
{
	archiveVersion = 1;
	classes = {
	};
	objectVersion = 51;
	objects = {

/* Begin PBXBuildFile section */
		08711AF2378A4667D37A6D4E /* Pods_Crowd_Tracker_Crowd_TrackerUITests.framework in Frameworks */ = {isa = PBXBuildFile; fileRef = 358B8C3C097460A549E40800 /* Pods_Crowd_Tracker_Crowd_TrackerUITests.framework */; };
		24B9A7AD1ED06BA739BFC89C /* Pods_Crowd_TrackerTests.framework in Frameworks */ = {isa = PBXBuildFile; fileRef = 6A4FD601AAE3737580166103 /* Pods_Crowd_TrackerTests.framework */; };
		FC2C4373258E62E300D065B2 /* CoreLocation.framework in Frameworks */ = {isa = PBXBuildFile; fileRef = FC2C4371258E62B600D065B2 /* CoreLocation.framework */; };
		FC2C4376258E62E400D065B2 /* Pods_Crowd_Tracker.framework in Frameworks */ = {isa = PBXBuildFile; fileRef = 922E65A9046A89317520D1E5 /* Pods_Crowd_Tracker.framework */; };
		FC2C4395258E7AF000D065B2 /* GoogleService-Info.plist in Resources */ = {isa = PBXBuildFile; fileRef = FC2C4394258E7AF000D065B2 /* GoogleService-Info.plist */; };
		FCE31896258E1F7B00862DC2 /* Crowd_TrackerApp.swift in Sources */ = {isa = PBXBuildFile; fileRef = FCE31895258E1F7B00862DC2 /* Crowd_TrackerApp.swift */; };
		FCE31898258E1F7B00862DC2 /* ContentView.swift in Sources */ = {isa = PBXBuildFile; fileRef = FCE31897258E1F7B00862DC2 /* ContentView.swift */; };
		FCE3189A258E1F7F00862DC2 /* Assets.xcassets in Resources */ = {isa = PBXBuildFile; fileRef = FCE31899258E1F7F00862DC2 /* Assets.xcassets */; };
		FCE3189D258E1F7F00862DC2 /* Preview Assets.xcassets in Resources */ = {isa = PBXBuildFile; fileRef = FCE3189C258E1F7F00862DC2 /* Preview Assets.xcassets */; };
		FCE318A8258E1F7F00862DC2 /* Crowd_TrackerTests.swift in Sources */ = {isa = PBXBuildFile; fileRef = FCE318A7258E1F7F00862DC2 /* Crowd_TrackerTests.swift */; };
		FCE318B3258E1F8000862DC2 /* Crowd_TrackerUITests.swift in Sources */ = {isa = PBXBuildFile; fileRef = FCE318B2258E1F8000862DC2 /* Crowd_TrackerUITests.swift */; };
		FCE318C4258E28C300862DC2 /* RowView.swift in Sources */ = {isa = PBXBuildFile; fileRef = FCE318C3258E28C300862DC2 /* RowView.swift */; };
		FCE318C9258E350200862DC2 /* Building.swift in Sources */ = {isa = PBXBuildFile; fileRef = FCE318C8258E350200862DC2 /* Building.swift */; };
		FCE318CE258E36E100862DC2 /* CampusData.swift in Sources */ = {isa = PBXBuildFile; fileRef = FCE318CD258E36E100862DC2 /* CampusData.swift */; };
		FCE318E8258E539F00862DC2 /* LocationView.swift in Sources */ = {isa = PBXBuildFile; fileRef = FCE318E7258E539F00862DC2 /* LocationView.swift */; };
/* End PBXBuildFile section */

/* Begin PBXContainerItemProxy section */
		FCE318A4258E1F7F00862DC2 /* PBXContainerItemProxy */ = {
			isa = PBXContainerItemProxy;
			containerPortal = FCE3188A258E1F7B00862DC2 /* Project object */;
			proxyType = 1;
			remoteGlobalIDString = FCE31891258E1F7B00862DC2;
			remoteInfo = "Crowd Tracker";
		};
		FCE318AF258E1F8000862DC2 /* PBXContainerItemProxy */ = {
			isa = PBXContainerItemProxy;
			containerPortal = FCE3188A258E1F7B00862DC2 /* Project object */;
			proxyType = 1;
			remoteGlobalIDString = FCE31891258E1F7B00862DC2;
			remoteInfo = "Crowd Tracker";
		};
/* End PBXContainerItemProxy section */

/* Begin PBXFileReference section */
		27FFA1AA06D53A8956D8560F /* Pods-Crowd TrackerTests.debug.xcconfig */ = {isa = PBXFileReference; includeInIndex = 1; lastKnownFileType = text.xcconfig; name = "Pods-Crowd TrackerTests.debug.xcconfig"; path = "Target Support Files/Pods-Crowd TrackerTests/Pods-Crowd TrackerTests.debug.xcconfig"; sourceTree = "<group>"; };
		2F377EDCA9FCFBF6659D5390 /* Pods-Crowd Tracker-Crowd TrackerUITests.release.xcconfig */ = {isa = PBXFileReference; includeInIndex = 1; lastKnownFileType = text.xcconfig; name = "Pods-Crowd Tracker-Crowd TrackerUITests.release.xcconfig"; path = "Target Support Files/Pods-Crowd Tracker-Crowd TrackerUITests/Pods-Crowd Tracker-Crowd TrackerUITests.release.xcconfig"; sourceTree = "<group>"; };
		358B8C3C097460A549E40800 /* Pods_Crowd_Tracker_Crowd_TrackerUITests.framework */ = {isa = PBXFileReference; explicitFileType = wrapper.framework; includeInIndex = 0; path = Pods_Crowd_Tracker_Crowd_TrackerUITests.framework; sourceTree = BUILT_PRODUCTS_DIR; };
		6A4FD601AAE3737580166103 /* Pods_Crowd_TrackerTests.framework */ = {isa = PBXFileReference; explicitFileType = wrapper.framework; includeInIndex = 0; path = Pods_Crowd_TrackerTests.framework; sourceTree = BUILT_PRODUCTS_DIR; };
		6F1823697DFB1105148363F7 /* Pods-Crowd Tracker-Crowd TrackerUITests.debug.xcconfig */ = {isa = PBXFileReference; includeInIndex = 1; lastKnownFileType = text.xcconfig; name = "Pods-Crowd Tracker-Crowd TrackerUITests.debug.xcconfig"; path = "Target Support Files/Pods-Crowd Tracker-Crowd TrackerUITests/Pods-Crowd Tracker-Crowd TrackerUITests.debug.xcconfig"; sourceTree = "<group>"; };
		881632AC2C8D8234849EA533 /* Pods-Crowd Tracker.debug.xcconfig */ = {isa = PBXFileReference; includeInIndex = 1; lastKnownFileType = text.xcconfig; name = "Pods-Crowd Tracker.debug.xcconfig"; path = "Target Support Files/Pods-Crowd Tracker/Pods-Crowd Tracker.debug.xcconfig"; sourceTree = "<group>"; };
		922E65A9046A89317520D1E5 /* Pods_Crowd_Tracker.framework */ = {isa = PBXFileReference; explicitFileType = wrapper.framework; includeInIndex = 0; path = Pods_Crowd_Tracker.framework; sourceTree = BUILT_PRODUCTS_DIR; };
		B3144BFD13082479AF4D3DDE /* Pods-Crowd Tracker.release.xcconfig */ = {isa = PBXFileReference; includeInIndex = 1; lastKnownFileType = text.xcconfig; name = "Pods-Crowd Tracker.release.xcconfig"; path = "Target Support Files/Pods-Crowd Tracker/Pods-Crowd Tracker.release.xcconfig"; sourceTree = "<group>"; };
		CF517A79F31BE646984B14F5 /* Pods-Crowd TrackerTests.release.xcconfig */ = {isa = PBXFileReference; includeInIndex = 1; lastKnownFileType = text.xcconfig; name = "Pods-Crowd TrackerTests.release.xcconfig"; path = "Target Support Files/Pods-Crowd TrackerTests/Pods-Crowd TrackerTests.release.xcconfig"; sourceTree = "<group>"; };
		FC2C4371258E62B600D065B2 /* CoreLocation.framework */ = {isa = PBXFileReference; lastKnownFileType = wrapper.framework; name = CoreLocation.framework; path = System/Library/Frameworks/CoreLocation.framework; sourceTree = SDKROOT; };
		FC2C4394258E7AF000D065B2 /* GoogleService-Info.plist */ = {isa = PBXFileReference; fileEncoding = 4; lastKnownFileType = text.plist.xml; path = "GoogleService-Info.plist"; sourceTree = "<group>"; };
		FCE31892258E1F7B00862DC2 /* Crowd Tracker.app */ = {isa = PBXFileReference; explicitFileType = wrapper.application; includeInIndex = 0; path = "Crowd Tracker.app"; sourceTree = BUILT_PRODUCTS_DIR; };
		FCE31895258E1F7B00862DC2 /* Crowd_TrackerApp.swift */ = {isa = PBXFileReference; lastKnownFileType = sourcecode.swift; path = Crowd_TrackerApp.swift; sourceTree = "<group>"; };
		FCE31897258E1F7B00862DC2 /* ContentView.swift */ = {isa = PBXFileReference; lastKnownFileType = sourcecode.swift; path = ContentView.swift; sourceTree = "<group>"; };
		FCE31899258E1F7F00862DC2 /* Assets.xcassets */ = {isa = PBXFileReference; lastKnownFileType = folder.assetcatalog; path = Assets.xcassets; sourceTree = "<group>"; };
		FCE3189C258E1F7F00862DC2 /* Preview Assets.xcassets */ = {isa = PBXFileReference; lastKnownFileType = folder.assetcatalog; path = "Preview Assets.xcassets"; sourceTree = "<group>"; };
		FCE3189E258E1F7F00862DC2 /* Info.plist */ = {isa = PBXFileReference; lastKnownFileType = text.plist.xml; path = Info.plist; sourceTree = "<group>"; };
		FCE318A3258E1F7F00862DC2 /* Crowd TrackerTests.xctest */ = {isa = PBXFileReference; explicitFileType = wrapper.cfbundle; includeInIndex = 0; path = "Crowd TrackerTests.xctest"; sourceTree = BUILT_PRODUCTS_DIR; };
		FCE318A7258E1F7F00862DC2 /* Crowd_TrackerTests.swift */ = {isa = PBXFileReference; lastKnownFileType = sourcecode.swift; path = Crowd_TrackerTests.swift; sourceTree = "<group>"; };
		FCE318A9258E1F7F00862DC2 /* Info.plist */ = {isa = PBXFileReference; lastKnownFileType = text.plist.xml; path = Info.plist; sourceTree = "<group>"; };
		FCE318AE258E1F8000862DC2 /* Crowd TrackerUITests.xctest */ = {isa = PBXFileReference; explicitFileType = wrapper.cfbundle; includeInIndex = 0; path = "Crowd TrackerUITests.xctest"; sourceTree = BUILT_PRODUCTS_DIR; };
		FCE318B2258E1F8000862DC2 /* Crowd_TrackerUITests.swift */ = {isa = PBXFileReference; lastKnownFileType = sourcecode.swift; path = Crowd_TrackerUITests.swift; sourceTree = "<group>"; };
		FCE318B4258E1F8000862DC2 /* Info.plist */ = {isa = PBXFileReference; lastKnownFileType = text.plist.xml; path = Info.plist; sourceTree = "<group>"; };
		FCE318C3258E28C300862DC2 /* RowView.swift */ = {isa = PBXFileReference; lastKnownFileType = sourcecode.swift; path = RowView.swift; sourceTree = "<group>"; };
		FCE318C8258E350200862DC2 /* Building.swift */ = {isa = PBXFileReference; lastKnownFileType = sourcecode.swift; path = Building.swift; sourceTree = "<group>"; };
		FCE318CD258E36E100862DC2 /* CampusData.swift */ = {isa = PBXFileReference; lastKnownFileType = sourcecode.swift; path = CampusData.swift; sourceTree = "<group>"; };
		FCE318E7258E539F00862DC2 /* LocationView.swift */ = {isa = PBXFileReference; lastKnownFileType = sourcecode.swift; path = LocationView.swift; sourceTree = "<group>"; };
/* End PBXFileReference section */

/* Begin PBXFrameworksBuildPhase section */
		FCE3188F258E1F7B00862DC2 /* Frameworks */ = {
			isa = PBXFrameworksBuildPhase;
			buildActionMask = 2147483647;
			files = (
				FC2C4373258E62E300D065B2 /* CoreLocation.framework in Frameworks */,
				FC2C4376258E62E400D065B2 /* Pods_Crowd_Tracker.framework in Frameworks */,
			);
			runOnlyForDeploymentPostprocessing = 0;
		};
		FCE318A0258E1F7F00862DC2 /* Frameworks */ = {
			isa = PBXFrameworksBuildPhase;
			buildActionMask = 2147483647;
			files = (
				24B9A7AD1ED06BA739BFC89C /* Pods_Crowd_TrackerTests.framework in Frameworks */,
			);
			runOnlyForDeploymentPostprocessing = 0;
		};
		FCE318AB258E1F8000862DC2 /* Frameworks */ = {
			isa = PBXFrameworksBuildPhase;
			buildActionMask = 2147483647;
			files = (
				08711AF2378A4667D37A6D4E /* Pods_Crowd_Tracker_Crowd_TrackerUITests.framework in Frameworks */,
			);
			runOnlyForDeploymentPostprocessing = 0;
		};
/* End PBXFrameworksBuildPhase section */

/* Begin PBXGroup section */
		0B065970D836E1967F3B7BCF /* Pods */ = {
			isa = PBXGroup;
			children = (
				881632AC2C8D8234849EA533 /* Pods-Crowd Tracker.debug.xcconfig */,
				B3144BFD13082479AF4D3DDE /* Pods-Crowd Tracker.release.xcconfig */,
				6F1823697DFB1105148363F7 /* Pods-Crowd Tracker-Crowd TrackerUITests.debug.xcconfig */,
				2F377EDCA9FCFBF6659D5390 /* Pods-Crowd Tracker-Crowd TrackerUITests.release.xcconfig */,
				27FFA1AA06D53A8956D8560F /* Pods-Crowd TrackerTests.debug.xcconfig */,
				CF517A79F31BE646984B14F5 /* Pods-Crowd TrackerTests.release.xcconfig */,
			);
			path = Pods;
			sourceTree = "<group>";
		};
		2D1C248127A2B00962D385EC /* Frameworks */ = {
			isa = PBXGroup;
			children = (
				FC2C4371258E62B600D065B2 /* CoreLocation.framework */,
				922E65A9046A89317520D1E5 /* Pods_Crowd_Tracker.framework */,
				358B8C3C097460A549E40800 /* Pods_Crowd_Tracker_Crowd_TrackerUITests.framework */,
				6A4FD601AAE3737580166103 /* Pods_Crowd_TrackerTests.framework */,
			);
			name = Frameworks;
			sourceTree = "<group>";
		};
		FCE31889258E1F7B00862DC2 = {
			isa = PBXGroup;
			children = (
				FCE31894258E1F7B00862DC2 /* Crowd Tracker */,
				FCE318A6258E1F7F00862DC2 /* Crowd TrackerTests */,
				FCE318B1258E1F8000862DC2 /* Crowd TrackerUITests */,
				FCE31893258E1F7B00862DC2 /* Products */,
				0B065970D836E1967F3B7BCF /* Pods */,
				2D1C248127A2B00962D385EC /* Frameworks */,
			);
			sourceTree = "<group>";
		};
		FCE31893258E1F7B00862DC2 /* Products */ = {
			isa = PBXGroup;
			children = (
				FCE31892258E1F7B00862DC2 /* Crowd Tracker.app */,
				FCE318A3258E1F7F00862DC2 /* Crowd TrackerTests.xctest */,
				FCE318AE258E1F8000862DC2 /* Crowd TrackerUITests.xctest */,
			);
			name = Products;
			sourceTree = "<group>";
		};
		FCE31894258E1F7B00862DC2 /* Crowd Tracker */ = {
			isa = PBXGroup;
			children = (
				FCE31895258E1F7B00862DC2 /* Crowd_TrackerApp.swift */,
				FCE318C8258E350200862DC2 /* Building.swift */,
				FCE318CD258E36E100862DC2 /* CampusData.swift */,
				FCE31897258E1F7B00862DC2 /* ContentView.swift */,
				FCE318C3258E28C300862DC2 /* RowView.swift */,
				FCE318E7258E539F00862DC2 /* LocationView.swift */,
				FCE318D6258E4E1700862DC2 /* Images */,
				FCE31899258E1F7F00862DC2 /* Assets.xcassets */,
				FCE3189E258E1F7F00862DC2 /* Info.plist */,
				FC2C4394258E7AF000D065B2 /* GoogleService-Info.plist */,
				FCE3189B258E1F7F00862DC2 /* Preview Content */,
			);
			path = "Crowd Tracker";
			sourceTree = "<group>";
		};
		FCE3189B258E1F7F00862DC2 /* Preview Content */ = {
			isa = PBXGroup;
			children = (
				FCE3189C258E1F7F00862DC2 /* Preview Assets.xcassets */,
			);
			path = "Preview Content";
			sourceTree = "<group>";
		};
		FCE318A6258E1F7F00862DC2 /* Crowd TrackerTests */ = {
			isa = PBXGroup;
			children = (
				FCE318A7258E1F7F00862DC2 /* Crowd_TrackerTests.swift */,
				FCE318A9258E1F7F00862DC2 /* Info.plist */,
			);
			path = "Crowd TrackerTests";
			sourceTree = "<group>";
		};
		FCE318B1258E1F8000862DC2 /* Crowd TrackerUITests */ = {
			isa = PBXGroup;
			children = (
				FCE318B2258E1F8000862DC2 /* Crowd_TrackerUITests.swift */,
				FCE318B4258E1F8000862DC2 /* Info.plist */,
			);
			path = "Crowd TrackerUITests";
			sourceTree = "<group>";
		};
		FCE318D6258E4E1700862DC2 /* Images */ = {
			isa = PBXGroup;
			children = (
			);
			path = Images;
			sourceTree = "<group>";
		};
/* End PBXGroup section */

/* Begin PBXNativeTarget section */
		FCE31891258E1F7B00862DC2 /* Crowd Tracker */ = {
			isa = PBXNativeTarget;
			buildConfigurationList = FCE318B7258E1F8000862DC2 /* Build configuration list for PBXNativeTarget "Crowd Tracker" */;
			buildPhases = (
				A6F28026DF44138CB09404BD /* [CP] Check Pods Manifest.lock */,
				FCE3188E258E1F7B00862DC2 /* Sources */,
				FCE3188F258E1F7B00862DC2 /* Frameworks */,
				FCE31890258E1F7B00862DC2 /* Resources */,
				73FE83F0142BB23296F5CAFC /* [CP] Embed Pods Frameworks */,
			);
			buildRules = (
			);
			dependencies = (
			);
			name = "Crowd Tracker";
			productName = "Crowd Tracker";
			productReference = FCE31892258E1F7B00862DC2 /* Crowd Tracker.app */;
			productType = "com.apple.product-type.application";
		};
		FCE318A2258E1F7F00862DC2 /* Crowd TrackerTests */ = {
			isa = PBXNativeTarget;
			buildConfigurationList = FCE318BA258E1F8000862DC2 /* Build configuration list for PBXNativeTarget "Crowd TrackerTests" */;
			buildPhases = (
				780C63063E667C0D39ECFA44 /* [CP] Check Pods Manifest.lock */,
				FCE3189F258E1F7F00862DC2 /* Sources */,
				FCE318A0258E1F7F00862DC2 /* Frameworks */,
				FCE318A1258E1F7F00862DC2 /* Resources */,
			);
			buildRules = (
			);
			dependencies = (
				FCE318A5258E1F7F00862DC2 /* PBXTargetDependency */,
			);
			name = "Crowd TrackerTests";
			productName = "Crowd TrackerTests";
			productReference = FCE318A3258E1F7F00862DC2 /* Crowd TrackerTests.xctest */;
			productType = "com.apple.product-type.bundle.unit-test";
		};
		FCE318AD258E1F8000862DC2 /* Crowd TrackerUITests */ = {
			isa = PBXNativeTarget;
			buildConfigurationList = FCE318BD258E1F8000862DC2 /* Build configuration list for PBXNativeTarget "Crowd TrackerUITests" */;
			buildPhases = (
				5D56BEA10C5FC047450306B9 /* [CP] Check Pods Manifest.lock */,
				FCE318AA258E1F8000862DC2 /* Sources */,
				FCE318AB258E1F8000862DC2 /* Frameworks */,
				FCE318AC258E1F8000862DC2 /* Resources */,
				DC8C07009251674B49907512 /* [CP] Embed Pods Frameworks */,
			);
			buildRules = (
			);
			dependencies = (
				FCE318B0258E1F8000862DC2 /* PBXTargetDependency */,
			);
			name = "Crowd TrackerUITests";
			productName = "Crowd TrackerUITests";
			productReference = FCE318AE258E1F8000862DC2 /* Crowd TrackerUITests.xctest */;
			productType = "com.apple.product-type.bundle.ui-testing";
		};
/* End PBXNativeTarget section */

/* Begin PBXProject section */
		FCE3188A258E1F7B00862DC2 /* Project object */ = {
			isa = PBXProject;
			attributes = {
				LastSwiftUpdateCheck = 1230;
				LastUpgradeCheck = 1230;
				TargetAttributes = {
					FCE31891258E1F7B00862DC2 = {
						CreatedOnToolsVersion = 12.3;
					};
					FCE318A2258E1F7F00862DC2 = {
						CreatedOnToolsVersion = 12.3;
						TestTargetID = FCE31891258E1F7B00862DC2;
					};
					FCE318AD258E1F8000862DC2 = {
						CreatedOnToolsVersion = 12.3;
						TestTargetID = FCE31891258E1F7B00862DC2;
					};
				};
			};
			buildConfigurationList = FCE3188D258E1F7B00862DC2 /* Build configuration list for PBXProject "Crowd Tracker" */;
			compatibilityVersion = "Xcode 9.3";
			developmentRegion = en;
			hasScannedForEncodings = 0;
			knownRegions = (
				en,
				Base,
			);
			mainGroup = FCE31889258E1F7B00862DC2;
			productRefGroup = FCE31893258E1F7B00862DC2 /* Products */;
			projectDirPath = "";
			projectRoot = "";
			targets = (
				FCE31891258E1F7B00862DC2 /* Crowd Tracker */,
				FCE318A2258E1F7F00862DC2 /* Crowd TrackerTests */,
				FCE318AD258E1F8000862DC2 /* Crowd TrackerUITests */,
			);
		};
/* End PBXProject section */

/* Begin PBXResourcesBuildPhase section */
		FCE31890258E1F7B00862DC2 /* Resources */ = {
			isa = PBXResourcesBuildPhase;
			buildActionMask = 2147483647;
			files = (
				FCE3189D258E1F7F00862DC2 /* Preview Assets.xcassets in Resources */,
				FCE3189A258E1F7F00862DC2 /* Assets.xcassets in Resources */,
				FC2C4395258E7AF000D065B2 /* GoogleService-Info.plist in Resources */,
			);
			runOnlyForDeploymentPostprocessing = 0;
		};
		FCE318A1258E1F7F00862DC2 /* Resources */ = {
			isa = PBXResourcesBuildPhase;
			buildActionMask = 2147483647;
			files = (
			);
			runOnlyForDeploymentPostprocessing = 0;
		};
		FCE318AC258E1F8000862DC2 /* Resources */ = {
			isa = PBXResourcesBuildPhase;
			buildActionMask = 2147483647;
			files = (
			);
			runOnlyForDeploymentPostprocessing = 0;
		};
/* End PBXResourcesBuildPhase section */

/* Begin PBXShellScriptBuildPhase section */
		5D56BEA10C5FC047450306B9 /* [CP] Check Pods Manifest.lock */ = {
			isa = PBXShellScriptBuildPhase;
			buildActionMask = 2147483647;
			files = (
			);
			inputFileListPaths = (
			);
			inputPaths = (
				"${PODS_PODFILE_DIR_PATH}/Podfile.lock",
				"${PODS_ROOT}/Manifest.lock",
			);
			name = "[CP] Check Pods Manifest.lock";
			outputFileListPaths = (
			);
			outputPaths = (
				"$(DERIVED_FILE_DIR)/Pods-Crowd Tracker-Crowd TrackerUITests-checkManifestLockResult.txt",
			);
			runOnlyForDeploymentPostprocessing = 0;
			shellPath = /bin/sh;
			shellScript = "diff \"${PODS_PODFILE_DIR_PATH}/Podfile.lock\" \"${PODS_ROOT}/Manifest.lock\" > /dev/null\nif [ $? != 0 ] ; then\n    # print error to STDERR\n    echo \"error: The sandbox is not in sync with the Podfile.lock. Run 'pod install' or update your CocoaPods installation.\" >&2\n    exit 1\nfi\n# This output is used by Xcode 'outputs' to avoid re-running this script phase.\necho \"SUCCESS\" > \"${SCRIPT_OUTPUT_FILE_0}\"\n";
			showEnvVarsInLog = 0;
		};
		73FE83F0142BB23296F5CAFC /* [CP] Embed Pods Frameworks */ = {
			isa = PBXShellScriptBuildPhase;
			buildActionMask = 2147483647;
			files = (
			);
			inputFileListPaths = (
				"${PODS_ROOT}/Target Support Files/Pods-Crowd Tracker/Pods-Crowd Tracker-frameworks-${CONFIGURATION}-input-files.xcfilelist",
			);
			name = "[CP] Embed Pods Frameworks";
			outputFileListPaths = (
				"${PODS_ROOT}/Target Support Files/Pods-Crowd Tracker/Pods-Crowd Tracker-frameworks-${CONFIGURATION}-output-files.xcfilelist",
			);
			runOnlyForDeploymentPostprocessing = 0;
			shellPath = /bin/sh;
			shellScript = "\"${PODS_ROOT}/Target Support Files/Pods-Crowd Tracker/Pods-Crowd Tracker-frameworks.sh\"\n";
			showEnvVarsInLog = 0;
		};
		780C63063E667C0D39ECFA44 /* [CP] Check Pods Manifest.lock */ = {
			isa = PBXShellScriptBuildPhase;
			buildActionMask = 2147483647;
			files = (
			);
			inputFileListPaths = (
			);
			inputPaths = (
				"${PODS_PODFILE_DIR_PATH}/Podfile.lock",
				"${PODS_ROOT}/Manifest.lock",
			);
			name = "[CP] Check Pods Manifest.lock";
			outputFileListPaths = (
			);
			outputPaths = (
				"$(DERIVED_FILE_DIR)/Pods-Crowd TrackerTests-checkManifestLockResult.txt",
			);
			runOnlyForDeploymentPostprocessing = 0;
			shellPath = /bin/sh;
			shellScript = "diff \"${PODS_PODFILE_DIR_PATH}/Podfile.lock\" \"${PODS_ROOT}/Manifest.lock\" > /dev/null\nif [ $? != 0 ] ; then\n    # print error to STDERR\n    echo \"error: The sandbox is not in sync with the Podfile.lock. Run 'pod install' or update your CocoaPods installation.\" >&2\n    exit 1\nfi\n# This output is used by Xcode 'outputs' to avoid re-running this script phase.\necho \"SUCCESS\" > \"${SCRIPT_OUTPUT_FILE_0}\"\n";
			showEnvVarsInLog = 0;
		};
		A6F28026DF44138CB09404BD /* [CP] Check Pods Manifest.lock */ = {
			isa = PBXShellScriptBuildPhase;
			buildActionMask = 2147483647;
			files = (
			);
			inputFileListPaths = (
			);
			inputPaths = (
				"${PODS_PODFILE_DIR_PATH}/Podfile.lock",
				"${PODS_ROOT}/Manifest.lock",
			);
			name = "[CP] Check Pods Manifest.lock";
			outputFileListPaths = (
			);
			outputPaths = (
				"$(DERIVED_FILE_DIR)/Pods-Crowd Tracker-checkManifestLockResult.txt",
			);
			runOnlyForDeploymentPostprocessing = 0;
			shellPath = /bin/sh;
			shellScript = "diff \"${PODS_PODFILE_DIR_PATH}/Podfile.lock\" \"${PODS_ROOT}/Manifest.lock\" > /dev/null\nif [ $? != 0 ] ; then\n    # print error to STDERR\n    echo \"error: The sandbox is not in sync with the Podfile.lock. Run 'pod install' or update your CocoaPods installation.\" >&2\n    exit 1\nfi\n# This output is used by Xcode 'outputs' to avoid re-running this script phase.\necho \"SUCCESS\" > \"${SCRIPT_OUTPUT_FILE_0}\"\n";
			showEnvVarsInLog = 0;
		};
		DC8C07009251674B49907512 /* [CP] Embed Pods Frameworks */ = {
			isa = PBXShellScriptBuildPhase;
			buildActionMask = 2147483647;
			files = (
			);
			inputFileListPaths = (
				"${PODS_ROOT}/Target Support Files/Pods-Crowd Tracker-Crowd TrackerUITests/Pods-Crowd Tracker-Crowd TrackerUITests-frameworks-${CONFIGURATION}-input-files.xcfilelist",
			);
			name = "[CP] Embed Pods Frameworks";
			outputFileListPaths = (
				"${PODS_ROOT}/Target Support Files/Pods-Crowd Tracker-Crowd TrackerUITests/Pods-Crowd Tracker-Crowd TrackerUITests-frameworks-${CONFIGURATION}-output-files.xcfilelist",
			);
			runOnlyForDeploymentPostprocessing = 0;
			shellPath = /bin/sh;
			shellScript = "\"${PODS_ROOT}/Target Support Files/Pods-Crowd Tracker-Crowd TrackerUITests/Pods-Crowd Tracker-Crowd TrackerUITests-frameworks.sh\"\n";
			showEnvVarsInLog = 0;
		};
/* End PBXShellScriptBuildPhase section */

/* Begin PBXSourcesBuildPhase section */
		FCE3188E258E1F7B00862DC2 /* Sources */ = {
			isa = PBXSourcesBuildPhase;
			buildActionMask = 2147483647;
			files = (
				FCE31898258E1F7B00862DC2 /* ContentView.swift in Sources */,
				FCE318E8258E539F00862DC2 /* LocationView.swift in Sources */,
				FCE318C4258E28C300862DC2 /* RowView.swift in Sources */,
				FCE31896258E1F7B00862DC2 /* Crowd_TrackerApp.swift in Sources */,
				FCE318C9258E350200862DC2 /* Building.swift in Sources */,
				FCE318CE258E36E100862DC2 /* CampusData.swift in Sources */,
			);
			runOnlyForDeploymentPostprocessing = 0;
		};
		FCE3189F258E1F7F00862DC2 /* Sources */ = {
			isa = PBXSourcesBuildPhase;
			buildActionMask = 2147483647;
			files = (
				FCE318A8258E1F7F00862DC2 /* Crowd_TrackerTests.swift in Sources */,
			);
			runOnlyForDeploymentPostprocessing = 0;
		};
		FCE318AA258E1F8000862DC2 /* Sources */ = {
			isa = PBXSourcesBuildPhase;
			buildActionMask = 2147483647;
			files = (
				FCE318B3258E1F8000862DC2 /* Crowd_TrackerUITests.swift in Sources */,
			);
			runOnlyForDeploymentPostprocessing = 0;
		};
/* End PBXSourcesBuildPhase section */

/* Begin PBXTargetDependency section */
		FCE318A5258E1F7F00862DC2 /* PBXTargetDependency */ = {
			isa = PBXTargetDependency;
			target = FCE31891258E1F7B00862DC2 /* Crowd Tracker */;
			targetProxy = FCE318A4258E1F7F00862DC2 /* PBXContainerItemProxy */;
		};
		FCE318B0258E1F8000862DC2 /* PBXTargetDependency */ = {
			isa = PBXTargetDependency;
			target = FCE31891258E1F7B00862DC2 /* Crowd Tracker */;
			targetProxy = FCE318AF258E1F8000862DC2 /* PBXContainerItemProxy */;
		};
/* End PBXTargetDependency section */

/* Begin XCBuildConfiguration section */
		FCE318B5258E1F8000862DC2 /* Debug */ = {
			isa = XCBuildConfiguration;
			buildSettings = {
				ALWAYS_SEARCH_USER_PATHS = NO;
				CLANG_ANALYZER_NONNULL = YES;
				CLANG_ANALYZER_NUMBER_OBJECT_CONVERSION = YES_AGGRESSIVE;
				CLANG_CXX_LANGUAGE_STANDARD = "gnu++14";
				CLANG_CXX_LIBRARY = "libc++";
				CLANG_ENABLE_MODULES = YES;
				CLANG_ENABLE_OBJC_ARC = YES;
				CLANG_ENABLE_OBJC_WEAK = YES;
				CLANG_WARN_BLOCK_CAPTURE_AUTORELEASING = YES;
				CLANG_WARN_BOOL_CONVERSION = YES;
				CLANG_WARN_COMMA = YES;
				CLANG_WARN_CONSTANT_CONVERSION = YES;
				CLANG_WARN_DEPRECATED_OBJC_IMPLEMENTATIONS = YES;
				CLANG_WARN_DIRECT_OBJC_ISA_USAGE = YES_ERROR;
				CLANG_WARN_DOCUMENTATION_COMMENTS = YES;
				CLANG_WARN_EMPTY_BODY = YES;
				CLANG_WARN_ENUM_CONVERSION = YES;
				CLANG_WARN_INFINITE_RECURSION = YES;
				CLANG_WARN_INT_CONVERSION = YES;
				CLANG_WARN_NON_LITERAL_NULL_CONVERSION = YES;
				CLANG_WARN_OBJC_IMPLICIT_RETAIN_SELF = YES;
				CLANG_WARN_OBJC_LITERAL_CONVERSION = YES;
				CLANG_WARN_OBJC_ROOT_CLASS = YES_ERROR;
				CLANG_WARN_QUOTED_INCLUDE_IN_FRAMEWORK_HEADER = YES;
				CLANG_WARN_RANGE_LOOP_ANALYSIS = YES;
				CLANG_WARN_STRICT_PROTOTYPES = YES;
				CLANG_WARN_SUSPICIOUS_MOVE = YES;
				CLANG_WARN_UNGUARDED_AVAILABILITY = YES_AGGRESSIVE;
				CLANG_WARN_UNREACHABLE_CODE = YES;
				CLANG_WARN__DUPLICATE_METHOD_MATCH = YES;
				COPY_PHASE_STRIP = NO;
				DEBUG_INFORMATION_FORMAT = dwarf;
				ENABLE_STRICT_OBJC_MSGSEND = YES;
				ENABLE_TESTABILITY = YES;
				GCC_C_LANGUAGE_STANDARD = gnu11;
				GCC_DYNAMIC_NO_PIC = NO;
				GCC_NO_COMMON_BLOCKS = YES;
				GCC_OPTIMIZATION_LEVEL = 0;
				GCC_PREPROCESSOR_DEFINITIONS = (
					"DEBUG=1",
					"$(inherited)",
				);
				GCC_WARN_64_TO_32_BIT_CONVERSION = YES;
				GCC_WARN_ABOUT_RETURN_TYPE = YES_ERROR;
				GCC_WARN_UNDECLARED_SELECTOR = YES;
				GCC_WARN_UNINITIALIZED_AUTOS = YES_AGGRESSIVE;
				GCC_WARN_UNUSED_FUNCTION = YES;
				GCC_WARN_UNUSED_VARIABLE = YES;
				IPHONEOS_DEPLOYMENT_TARGET = 14.3;
				MTL_ENABLE_DEBUG_INFO = INCLUDE_SOURCE;
				MTL_FAST_MATH = YES;
				ONLY_ACTIVE_ARCH = YES;
				SDKROOT = iphoneos;
				SWIFT_ACTIVE_COMPILATION_CONDITIONS = DEBUG;
				SWIFT_OPTIMIZATION_LEVEL = "-Onone";
			};
			name = Debug;
		};
		FCE318B6258E1F8000862DC2 /* Release */ = {
			isa = XCBuildConfiguration;
			buildSettings = {
				ALWAYS_SEARCH_USER_PATHS = NO;
				CLANG_ANALYZER_NONNULL = YES;
				CLANG_ANALYZER_NUMBER_OBJECT_CONVERSION = YES_AGGRESSIVE;
				CLANG_CXX_LANGUAGE_STANDARD = "gnu++14";
				CLANG_CXX_LIBRARY = "libc++";
				CLANG_ENABLE_MODULES = YES;
				CLANG_ENABLE_OBJC_ARC = YES;
				CLANG_ENABLE_OBJC_WEAK = YES;
				CLANG_WARN_BLOCK_CAPTURE_AUTORELEASING = YES;
				CLANG_WARN_BOOL_CONVERSION = YES;
				CLANG_WARN_COMMA = YES;
				CLANG_WARN_CONSTANT_CONVERSION = YES;
				CLANG_WARN_DEPRECATED_OBJC_IMPLEMENTATIONS = YES;
				CLANG_WARN_DIRECT_OBJC_ISA_USAGE = YES_ERROR;
				CLANG_WARN_DOCUMENTATION_COMMENTS = YES;
				CLANG_WARN_EMPTY_BODY = YES;
				CLANG_WARN_ENUM_CONVERSION = YES;
				CLANG_WARN_INFINITE_RECURSION = YES;
				CLANG_WARN_INT_CONVERSION = YES;
				CLANG_WARN_NON_LITERAL_NULL_CONVERSION = YES;
				CLANG_WARN_OBJC_IMPLICIT_RETAIN_SELF = YES;
				CLANG_WARN_OBJC_LITERAL_CONVERSION = YES;
				CLANG_WARN_OBJC_ROOT_CLASS = YES_ERROR;
				CLANG_WARN_QUOTED_INCLUDE_IN_FRAMEWORK_HEADER = YES;
				CLANG_WARN_RANGE_LOOP_ANALYSIS = YES;
				CLANG_WARN_STRICT_PROTOTYPES = YES;
				CLANG_WARN_SUSPICIOUS_MOVE = YES;
				CLANG_WARN_UNGUARDED_AVAILABILITY = YES_AGGRESSIVE;
				CLANG_WARN_UNREACHABLE_CODE = YES;
				CLANG_WARN__DUPLICATE_METHOD_MATCH = YES;
				COPY_PHASE_STRIP = NO;
				DEBUG_INFORMATION_FORMAT = "dwarf-with-dsym";
				ENABLE_NS_ASSERTIONS = NO;
				ENABLE_STRICT_OBJC_MSGSEND = YES;
				GCC_C_LANGUAGE_STANDARD = gnu11;
				GCC_NO_COMMON_BLOCKS = YES;
				GCC_WARN_64_TO_32_BIT_CONVERSION = YES;
				GCC_WARN_ABOUT_RETURN_TYPE = YES_ERROR;
				GCC_WARN_UNDECLARED_SELECTOR = YES;
				GCC_WARN_UNINITIALIZED_AUTOS = YES_AGGRESSIVE;
				GCC_WARN_UNUSED_FUNCTION = YES;
				GCC_WARN_UNUSED_VARIABLE = YES;
				IPHONEOS_DEPLOYMENT_TARGET = 14.3;
				MTL_ENABLE_DEBUG_INFO = NO;
				MTL_FAST_MATH = YES;
				SDKROOT = iphoneos;
				SWIFT_COMPILATION_MODE = wholemodule;
				SWIFT_OPTIMIZATION_LEVEL = "-O";
				VALIDATE_PRODUCT = YES;
			};
			name = Release;
		};
		FCE318B8258E1F8000862DC2 /* Debug */ = {
			isa = XCBuildConfiguration;
			baseConfigurationReference = 881632AC2C8D8234849EA533 /* Pods-Crowd Tracker.debug.xcconfig */;
			buildSettings = {
				ASSETCATALOG_COMPILER_APPICON_NAME = AppIcon;
				ASSETCATALOG_COMPILER_GLOBAL_ACCENT_COLOR_NAME = AccentColor;
				CODE_SIGN_STYLE = Automatic;
				DEVELOPMENT_ASSET_PATHS = "\"Crowd Tracker/Preview Content\"";
				ENABLE_PREVIEWS = YES;
				INFOPLIST_FILE = "Crowd Tracker/Info.plist";
				IPHONEOS_DEPLOYMENT_TARGET = 14.0;
				LD_RUNPATH_SEARCH_PATHS = (
					"$(inherited)",
					"@executable_path/Frameworks",
				);
				PRODUCT_BUNDLE_IDENTIFIER = "com.dhruvvk.Crowd-Tracker";
				PRODUCT_NAME = "$(TARGET_NAME)";
				SWIFT_VERSION = 5.0;
				TARGETED_DEVICE_FAMILY = "1,2";
			};
			name = Debug;
		};
		FCE318B9258E1F8000862DC2 /* Release */ = {
			isa = XCBuildConfiguration;
			baseConfigurationReference = B3144BFD13082479AF4D3DDE /* Pods-Crowd Tracker.release.xcconfig */;
			buildSettings = {
				ASSETCATALOG_COMPILER_APPICON_NAME = AppIcon;
				ASSETCATALOG_COMPILER_GLOBAL_ACCENT_COLOR_NAME = AccentColor;
				CODE_SIGN_STYLE = Automatic;
				DEVELOPMENT_ASSET_PATHS = "\"Crowd Tracker/Preview Content\"";
				ENABLE_PREVIEWS = YES;
				INFOPLIST_FILE = "Crowd Tracker/Info.plist";
				IPHONEOS_DEPLOYMENT_TARGET = 14.0;
				LD_RUNPATH_SEARCH_PATHS = (
					"$(inherited)",
					"@executable_path/Frameworks",
				);
				PRODUCT_BUNDLE_IDENTIFIER = "com.dhruvvk.Crowd-Tracker";
				PRODUCT_NAME = "$(TARGET_NAME)";
				SWIFT_VERSION = 5.0;
				TARGETED_DEVICE_FAMILY = "1,2";
			};
			name = Release;
		};
		FCE318BB258E1F8000862DC2 /* Debug */ = {
			isa = XCBuildConfiguration;
			baseConfigurationReference = 27FFA1AA06D53A8956D8560F /* Pods-Crowd TrackerTests.debug.xcconfig */;
			buildSettings = {
				ALWAYS_EMBED_SWIFT_STANDARD_LIBRARIES = YES;
				BUNDLE_LOADER = "$(TEST_HOST)";
				CODE_SIGN_STYLE = Automatic;
				INFOPLIST_FILE = "Crowd TrackerTests/Info.plist";
				IPHONEOS_DEPLOYMENT_TARGET = 14.0;
				LD_RUNPATH_SEARCH_PATHS = (
					"$(inherited)",
					"@executable_path/Frameworks",
					"@loader_path/Frameworks",
				);
				PRODUCT_BUNDLE_IDENTIFIER = "com.dhruvvk.Crowd-TrackerTests";
				PRODUCT_NAME = "$(TARGET_NAME)";
				SWIFT_VERSION = 5.0;
				TARGETED_DEVICE_FAMILY = "1,2";
				TEST_HOST = "$(BUILT_PRODUCTS_DIR)/Crowd Tracker.app/Crowd Tracker";
			};
			name = Debug;
		};
		FCE318BC258E1F8000862DC2 /* Release */ = {
			isa = XCBuildConfiguration;
			baseConfigurationReference = CF517A79F31BE646984B14F5 /* Pods-Crowd TrackerTests.release.xcconfig */;
			buildSettings = {
				ALWAYS_EMBED_SWIFT_STANDARD_LIBRARIES = YES;
				BUNDLE_LOADER = "$(TEST_HOST)";
				CODE_SIGN_STYLE = Automatic;
				INFOPLIST_FILE = "Crowd TrackerTests/Info.plist";
				IPHONEOS_DEPLOYMENT_TARGET = 14.0;
				LD_RUNPATH_SEARCH_PATHS = (
					"$(inherited)",
					"@executable_path/Frameworks",
					"@loader_path/Frameworks",
				);
				PRODUCT_BUNDLE_IDENTIFIER = "com.dhruvvk.Crowd-TrackerTests";
				PRODUCT_NAME = "$(TARGET_NAME)";
				SWIFT_VERSION = 5.0;
				TARGETED_DEVICE_FAMILY = "1,2";
				TEST_HOST = "$(BUILT_PRODUCTS_DIR)/Crowd Tracker.app/Crowd Tracker";
			};
			name = Release;
		};
		FCE318BE258E1F8000862DC2 /* Debug */ = {
			isa = XCBuildConfiguration;
			baseConfigurationReference = 6F1823697DFB1105148363F7 /* Pods-Crowd Tracker-Crowd TrackerUITests.debug.xcconfig */;
			buildSettings = {
				ALWAYS_EMBED_SWIFT_STANDARD_LIBRARIES = YES;
				CODE_SIGN_STYLE = Automatic;
				INFOPLIST_FILE = "Crowd TrackerUITests/Info.plist";
				LD_RUNPATH_SEARCH_PATHS = (
					"$(inherited)",
					"@executable_path/Frameworks",
					"@loader_path/Frameworks",
				);
				PRODUCT_BUNDLE_IDENTIFIER = "com.dhruvvk.Crowd-TrackerUITests";
				PRODUCT_NAME = "$(TARGET_NAME)";
				SWIFT_VERSION = 5.0;
				TARGETED_DEVICE_FAMILY = "1,2";
				TEST_TARGET_NAME = "Crowd Tracker";
			};
			name = Debug;
		};
		FCE318BF258E1F8000862DC2 /* Release */ = {
			isa = XCBuildConfiguration;
			baseConfigurationReference = 2F377EDCA9FCFBF6659D5390 /* Pods-Crowd Tracker-Crowd TrackerUITests.release.xcconfig */;
			buildSettings = {
				ALWAYS_EMBED_SWIFT_STANDARD_LIBRARIES = YES;
				CODE_SIGN_STYLE = Automatic;
				INFOPLIST_FILE = "Crowd TrackerUITests/Info.plist";
				LD_RUNPATH_SEARCH_PATHS = (
					"$(inherited)",
					"@executable_path/Frameworks",
					"@loader_path/Frameworks",
				);
				PRODUCT_BUNDLE_IDENTIFIER = "com.dhruvvk.Crowd-TrackerUITests";
				PRODUCT_NAME = "$(TARGET_NAME)";
				SWIFT_VERSION = 5.0;
				TARGETED_DEVICE_FAMILY = "1,2";
				TEST_TARGET_NAME = "Crowd Tracker";
			};
			name = Release;
		};
/* End XCBuildConfiguration section */

/* Begin XCConfigurationList section */
		FCE3188D258E1F7B00862DC2 /* Build configuration list for PBXProject "Crowd Tracker" */ = {
			isa = XCConfigurationList;
			buildConfigurations = (
				FCE318B5258E1F8000862DC2 /* Debug */,
				FCE318B6258E1F8000862DC2 /* Release */,
			);
			defaultConfigurationIsVisible = 0;
			defaultConfigurationName = Release;
		};
		FCE318B7258E1F8000862DC2 /* Build configuration list for PBXNativeTarget "Crowd Tracker" */ = {
			isa = XCConfigurationList;
			buildConfigurations = (
				FCE318B8258E1F8000862DC2 /* Debug */,
				FCE318B9258E1F8000862DC2 /* Release */,
			);
			defaultConfigurationIsVisible = 0;
			defaultConfigurationName = Release;
		};
		FCE318BA258E1F8000862DC2 /* Build configuration list for PBXNativeTarget "Crowd TrackerTests" */ = {
			isa = XCConfigurationList;
			buildConfigurations = (
				FCE318BB258E1F8000862DC2 /* Debug */,
				FCE318BC258E1F8000862DC2 /* Release */,
			);
			defaultConfigurationIsVisible = 0;
			defaultConfigurationName = Release;
		};
		FCE318BD258E1F8000862DC2 /* Build configuration list for PBXNativeTarget "Crowd TrackerUITests" */ = {
			isa = XCConfigurationList;
			buildConfigurations = (
				FCE318BE258E1F8000862DC2 /* Debug */,
				FCE318BF258E1F8000862DC2 /* Release */,
			);
			defaultConfigurationIsVisible = 0;
			defaultConfigurationName = Release;
		};
/* End XCConfigurationList section */
	};
	rootObject = FCE3188A258E1F7B00862DC2 /* Project object */;
}
